
Microsoft Visual Studio Solution File, Format Version 12.00
# Visual Studio Version 17
VisualStudioVersion = 17.1.32210.238
MinimumVisualStudioVersion = 10.0.40219.1
Project("{9A19103F-16F7-4668-BE54-9A1E7A4F7556}") = "SportFieldScheduler.zConsoleApp", "SportFieldScheduler\SportFieldScheduler.zConsoleApp.csproj", "{93ED15B3-C50A-4CC5-986E-433D2B9C94F4}"
EndProject
Project("{9A19103F-16F7-4668-BE54-9A1E7A4F7556}") = "SportFieldScheduler.Infrastructure", "SportFieldScheduler.Infrastructure\SportFieldScheduler.Infrastructure.csproj", "{11D41CC3-36C7-4CA7-9514-97C928B11033}"
EndProject
Project("{9A19103F-16F7-4668-BE54-9A1E7A4F7556}") = "SportFieldScheduler.Api", "SportFieldSchedulerAPI1\SportFieldScheduler.Api.csproj", "{ABEF8FFD-7883-4C24-AEF3-29CB659387B3}"
EndProject
Project("{9A19103F-16F7-4668-BE54-9A1E7A4F7556}") = "SportFieldScheduler.Core", "SportFieldScheduler.Core\SportFieldScheduler.Core.csproj", "{6204BF1A-E7D9-4B18-A810-DDF74F125757}"
EndProject
Project("{9A19103F-16F7-4668-BE54-9A1E7A4F7556}") = "probe", "probe\probe.csproj", "{4BCB181E-1EBF-4B6B-BBE1-E676BEF1BD07}"
EndProject
Project("{9A19103F-16F7-4668-BE54-9A1E7A4F7556}") = "SportFieldScheduler.Application", "SportFieldScheduler.Application\SportFieldScheduler.Application.csproj", "{706319C4-74AE-4335-98C5-D662C2FD3620}"
EndProject
Project("{9A19103F-16F7-4668-BE54-9A1E7A4F7556}") = "SportFieldScheduler.Test", "SportFieldScheduler.Test\SportFieldScheduler.Test.csproj", "{C5014146-638E-4850-B0D5-58950F6E33FA}"
EndProject
Project("{9A19103F-16F7-4668-BE54-9A1E7A4F7556}") = "SportFieldScheduler.Client", "SportFieldScheduler.Client\SportFieldScheduler.Client.csproj", "{109BBB7F-A88A-407F-9C5D-FB10E0651FE9}"
EndProject
Global
	GlobalSection(SolutionConfigurationPlatforms) = preSolution
		Debug|Any CPU = Debug|Any CPU
		Release|Any CPU = Release|Any CPU
	EndGlobalSection
	GlobalSection(ProjectConfigurationPlatforms) = postSolution
		{93ED15B3-C50A-4CC5-986E-433D2B9C94F4}.Debug|Any CPU.ActiveCfg = Debug|Any CPU
		{93ED15B3-C50A-4CC5-986E-433D2B9C94F4}.Debug|Any CPU.Build.0 = Debug|Any CPU
		{93ED15B3-C50A-4CC5-986E-433D2B9C94F4}.Release|Any CPU.ActiveCfg = Release|Any CPU
		{93ED15B3-C50A-4CC5-986E-433D2B9C94F4}.Release|Any CPU.Build.0 = Release|Any CPU
		{11D41CC3-36C7-4CA7-9514-97C928B11033}.Debug|Any CPU.ActiveCfg = Debug|Any CPU
		{11D41CC3-36C7-4CA7-9514-97C928B11033}.Debug|Any CPU.Build.0 = Debug|Any CPU
		{11D41CC3-36C7-4CA7-9514-97C928B11033}.Release|Any CPU.ActiveCfg = Release|Any CPU
		{11D41CC3-36C7-4CA7-9514-97C928B11033}.Release|Any CPU.Build.0 = Release|Any CPU
		{ABEF8FFD-7883-4C24-AEF3-29CB659387B3}.Debug|Any CPU.ActiveCfg = Debug|Any CPU
		{ABEF8FFD-7883-4C24-AEF3-29CB659387B3}.Debug|Any CPU.Build.0 = Debug|Any CPU
		{ABEF8FFD-7883-4C24-AEF3-29CB659387B3}.Release|Any CPU.ActiveCfg = Release|Any CPU
		{ABEF8FFD-7883-4C24-AEF3-29CB659387B3}.Release|Any CPU.Build.0 = Release|Any CPU
		{6204BF1A-E7D9-4B18-A810-DDF74F125757}.Debug|Any CPU.ActiveCfg = Debug|Any CPU
		{6204BF1A-E7D9-4B18-A810-DDF74F125757}.Debug|Any CPU.Build.0 = Debug|Any CPU
		{6204BF1A-E7D9-4B18-A810-DDF74F125757}.Release|Any CPU.ActiveCfg = Release|Any CPU
		{6204BF1A-E7D9-4B18-A810-DDF74F125757}.Release|Any CPU.Build.0 = Release|Any CPU
		{4BCB181E-1EBF-4B6B-BBE1-E676BEF1BD07}.Debug|Any CPU.ActiveCfg = Debug|Any CPU
		{4BCB181E-1EBF-4B6B-BBE1-E676BEF1BD07}.Debug|Any CPU.Build.0 = Debug|Any CPU
		{4BCB181E-1EBF-4B6B-BBE1-E676BEF1BD07}.Release|Any CPU.ActiveCfg = Release|Any CPU
		{4BCB181E-1EBF-4B6B-BBE1-E676BEF1BD07}.Release|Any CPU.Build.0 = Release|Any CPU
		{706319C4-74AE-4335-98C5-D662C2FD3620}.Debug|Any CPU.ActiveCfg = Debug|Any CPU
		{706319C4-74AE-4335-98C5-D662C2FD3620}.Debug|Any CPU.Build.0 = Debug|Any CPU
		{706319C4-74AE-4335-98C5-D662C2FD3620}.Release|Any CPU.ActiveCfg = Release|Any CPU
		{706319C4-74AE-4335-98C5-D662C2FD3620}.Release|Any CPU.Build.0 = Release|Any CPU
		{C5014146-638E-4850-B0D5-58950F6E33FA}.Debug|Any CPU.ActiveCfg = Debug|Any CPU
		{C5014146-638E-4850-B0D5-58950F6E33FA}.Debug|Any CPU.Build.0 = Debug|Any CPU
		{C5014146-638E-4850-B0D5-58950F6E33FA}.Release|Any CPU.ActiveCfg = Release|Any CPU
		{C5014146-638E-4850-B0D5-58950F6E33FA}.Release|Any CPU.Build.0 = Release|Any CPU
		{109BBB7F-A88A-407F-9C5D-FB10E0651FE9}.Debug|Any CPU.ActiveCfg = Debug|Any CPU
		{109BBB7F-A88A-407F-9C5D-FB10E0651FE9}.Debug|Any CPU.Build.0 = Debug|Any CPU
		{109BBB7F-A88A-407F-9C5D-FB10E0651FE9}.Release|Any CPU.ActiveCfg = Release|Any CPU
		{109BBB7F-A88A-407F-9C5D-FB10E0651FE9}.Release|Any CPU.Build.0 = Release|Any CPU
	EndGlobalSection
	GlobalSection(SolutionProperties) = preSolution
		HideSolutionNode = FALSE
	EndGlobalSection
	GlobalSection(ExtensibilityGlobals) = postSolution
		SolutionGuid = {A8AEF440-4650-4866-86DC-53D41A62D164}
	EndGlobalSection
EndGlobal
